
Microsoft Visual Studio Solution File, Format Version 12.00
# Visual Studio Version 17
VisualStudioVersion = 17.1.32210.238
MinimumVisualStudioVersion = 10.0.40219.1
Project("{FAE04EC0-301F-11D3-BF4B-00C04F79EFBC}") = "BinoBot_Auto", "BinoBot_Auto\BinoBot_Auto.csproj", "{7F6A2E28-FDE6-4CCB-9824-8315FAB70F03}"
EndProject
Global
	GlobalSection(SolutionConfigurationPlatforms) = preSolution
		Debug|Any CPU = Debug|Any CPU
		Release|Any CPU = Release|Any CPU
	EndGlobalSection
	GlobalSection(ProjectConfigurationPlatforms) = postSolution
		{7F6A2E28-FDE6-4CCB-9824-8315FAB70F03}.Debug|Any CPU.ActiveCfg = Debug|Any CPU
		{7F6A2E28-FDE6-4CCB-9824-8315FAB70F03}.Debug|Any CPU.Build.0 = Debug|Any CPU
		{7F6A2E28-FDE6-4CCB-9824-8315FAB70F03}.Release|Any CPU.ActiveCfg = Release|Any CPU
		{7F6A2E28-FDE6-4CCB-9824-8315FAB70F03}.Release|Any CPU.Build.0 = Release|Any CPU
	EndGlobalSection
	GlobalSection(SolutionProperties) = preSolution
		HideSolutionNode = FALSE
	EndGlobalSection
	GlobalSection(ExtensibilityGlobals) = postSolution
		SolutionGuid = {6F1F8D47-818E-4C09-A484-20941E9DE60A}
	EndGlobalSection
EndGlobal
